
Microsoft Visual Studio Solution File, Format Version 12.00
# Visual Studio Express 2013 for Windows Desktop
VisualStudioVersion = 12.0.30723.0
MinimumVisualStudioVersion = 10.0.40219.1
Project("{FAE04EC0-301F-11D3-BF4B-00C04F79EFBC}") = "Day3Task1", "Day3Task1\Day3Task1.csproj", "{9B56C8C9-12B2-48CC-B5D9-92EB7652389A}"
EndProject
Project("{FAE04EC0-301F-11D3-BF4B-00C04F79EFBC}") = "Runner", "Runner\Runner.csproj", "{F0DA0CEA-E23F-46F1-9E9B-4DED8B1ED45B}"
EndProject
Project("{FAE04EC0-301F-11D3-BF4B-00C04F79EFBC}") = "UnitTests", "UnitTests\UnitTests.csproj", "{6E11F9B0-B8CB-4FDD-9CDE-CF84877D8449}"
EndProject
Global
	GlobalSection(SolutionConfigurationPlatforms) = preSolution
		Debug|Any CPU = Debug|Any CPU
		Release|Any CPU = Release|Any CPU
	EndGlobalSection
	GlobalSection(ProjectConfigurationPlatforms) = postSolution
		{9B56C8C9-12B2-48CC-B5D9-92EB7652389A}.Debug|Any CPU.ActiveCfg = Debug|Any CPU
		{9B56C8C9-12B2-48CC-B5D9-92EB7652389A}.Debug|Any CPU.Build.0 = Debug|Any CPU
		{9B56C8C9-12B2-48CC-B5D9-92EB7652389A}.Release|Any CPU.ActiveCfg = Release|Any CPU
		{9B56C8C9-12B2-48CC-B5D9-92EB7652389A}.Release|Any CPU.Build.0 = Release|Any CPU
		{F0DA0CEA-E23F-46F1-9E9B-4DED8B1ED45B}.Debug|Any CPU.ActiveCfg = Debug|Any CPU
		{F0DA0CEA-E23F-46F1-9E9B-4DED8B1ED45B}.Debug|Any CPU.Build.0 = Debug|Any CPU
		{F0DA0CEA-E23F-46F1-9E9B-4DED8B1ED45B}.Release|Any CPU.ActiveCfg = Release|Any CPU
		{F0DA0CEA-E23F-46F1-9E9B-4DED8B1ED45B}.Release|Any CPU.Build.0 = Release|Any CPU
		{6E11F9B0-B8CB-4FDD-9CDE-CF84877D8449}.Debug|Any CPU.ActiveCfg = Debug|Any CPU
		{6E11F9B0-B8CB-4FDD-9CDE-CF84877D8449}.Debug|Any CPU.Build.0 = Debug|Any CPU
		{6E11F9B0-B8CB-4FDD-9CDE-CF84877D8449}.Release|Any CPU.ActiveCfg = Release|Any CPU
		{6E11F9B0-B8CB-4FDD-9CDE-CF84877D8449}.Release|Any CPU.Build.0 = Release|Any CPU
	EndGlobalSection
	GlobalSection(SolutionProperties) = preSolution
		HideSolutionNode = FALSE
	EndGlobalSection
EndGlobal
